
Microsoft Visual Studio Solution File, Format Version 11.00
# Visual Studio 2010
Project("{FAE04EC0-301F-11D3-BF4B-00C04F79EFBC}") = "UnityEngine.UI", "UnityEngine.UI.csproj", "{CB5E0B7B-4751-0A98-3197-6F2A267D6F79}"
EndProject
Project("{FAE04EC0-301F-11D3-BF4B-00C04F79EFBC}") = "Assembly-CSharp", "Assembly-CSharp.csproj", "{0A92BB26-5AC3-4B0D-A251-2C2910090484}"
EndProject
Project("{FAE04EC0-301F-11D3-BF4B-00C04F79EFBC}") = "Unity.2D.Sprite.Editor", "Unity.2D.Sprite.Editor.csproj", "{054F6541-1996-4BB0-A858-45BDEF8FB5AB}"
EndProject
Project("{FAE04EC0-301F-11D3-BF4B-00C04F79EFBC}") = "UnityEditor.UI", "UnityEditor.UI.csproj", "{47C1B70C-F9CE-7610-03CA-0AADBD3818F5}"
EndProject
Project("{FAE04EC0-301F-11D3-BF4B-00C04F79EFBC}") = "Unity.2D.Tilemap.Editor", "Unity.2D.Tilemap.Editor.csproj", "{E83C373C-1F5F-ACC8-5958-209B1B5C8AB7}"
EndProject
Global
	GlobalSection(SolutionConfigurationPlatforms) = preSolution
		Debug|Any CPU = Debug|Any CPU
		Release|Any CPU = Release|Any CPU
	EndGlobalSection
	GlobalSection(ProjectConfigurationPlatforms) = postSolution
		{CB5E0B7B-4751-0A98-3197-6F2A267D6F79}.Debug|Any CPU.ActiveCfg = Debug|Any CPU
		{CB5E0B7B-4751-0A98-3197-6F2A267D6F79}.Debug|Any CPU.Build.0 = Debug|Any CPU
		{CB5E0B7B-4751-0A98-3197-6F2A267D6F79}.Release|Any CPU.ActiveCfg = Release|Any CPU
		{CB5E0B7B-4751-0A98-3197-6F2A267D6F79}.Release|Any CPU.Build.0 = Release|Any CPU
		{0A92BB26-5AC3-4B0D-A251-2C2910090484}.Debug|Any CPU.ActiveCfg = Debug|Any CPU
		{0A92BB26-5AC3-4B0D-A251-2C2910090484}.Debug|Any CPU.Build.0 = Debug|Any CPU
		{0A92BB26-5AC3-4B0D-A251-2C2910090484}.Release|Any CPU.ActiveCfg = Release|Any CPU
		{0A92BB26-5AC3-4B0D-A251-2C2910090484}.Release|Any CPU.Build.0 = Release|Any CPU
		{054F6541-1996-4BB0-A858-45BDEF8FB5AB}.Debug|Any CPU.ActiveCfg = Debug|Any CPU
		{054F6541-1996-4BB0-A858-45BDEF8FB5AB}.Debug|Any CPU.Build.0 = Debug|Any CPU
		{054F6541-1996-4BB0-A858-45BDEF8FB5AB}.Release|Any CPU.ActiveCfg = Release|Any CPU
		{054F6541-1996-4BB0-A858-45BDEF8FB5AB}.Release|Any CPU.Build.0 = Release|Any CPU
		{47C1B70C-F9CE-7610-03CA-0AADBD3818F5}.Debug|Any CPU.ActiveCfg = Debug|Any CPU
		{47C1B70C-F9CE-7610-03CA-0AADBD3818F5}.Debug|Any CPU.Build.0 = Debug|Any CPU
		{47C1B70C-F9CE-7610-03CA-0AADBD3818F5}.Release|Any CPU.ActiveCfg = Release|Any CPU
		{47C1B70C-F9CE-7610-03CA-0AADBD3818F5}.Release|Any CPU.Build.0 = Release|Any CPU
		{E83C373C-1F5F-ACC8-5958-209B1B5C8AB7}.Debug|Any CPU.ActiveCfg = Debug|Any CPU
		{E83C373C-1F5F-ACC8-5958-209B1B5C8AB7}.Debug|Any CPU.Build.0 = Debug|Any CPU
		{E83C373C-1F5F-ACC8-5958-209B1B5C8AB7}.Release|Any CPU.ActiveCfg = Release|Any CPU
		{E83C373C-1F5F-ACC8-5958-209B1B5C8AB7}.Release|Any CPU.Build.0 = Release|Any CPU
	EndGlobalSection
	GlobalSection(SolutionProperties) = preSolution
		HideSolutionNode = FALSE
	EndGlobalSection
EndGlobal
